
Microsoft Visual Studio Solution File, Format Version 12.00
# Visual Studio Version 16
VisualStudioVersion = 16.0.31112.23
MinimumVisualStudioVersion = 10.0.40219.1
Project("{FAE04EC0-301F-11D3-BF4B-00C04F79EFBC}") = "Jakab_acs_eszter_nezoter_2021.03.22", "Jakab_acs_eszter_nezoter_2021.03.22\Jakab_acs_eszter_nezoter_2021.03.22.csproj", "{5CD17C96-2CC0-4B7A-9739-C831A23254E3}"
EndProject
Global
	GlobalSection(SolutionConfigurationPlatforms) = preSolution
		Debug|Any CPU = Debug|Any CPU
		Release|Any CPU = Release|Any CPU
	EndGlobalSection
	GlobalSection(ProjectConfigurationPlatforms) = postSolution
		{5CD17C96-2CC0-4B7A-9739-C831A23254E3}.Debug|Any CPU.ActiveCfg = Debug|Any CPU
		{5CD17C96-2CC0-4B7A-9739-C831A23254E3}.Debug|Any CPU.Build.0 = Debug|Any CPU
		{5CD17C96-2CC0-4B7A-9739-C831A23254E3}.Release|Any CPU.ActiveCfg = Release|Any CPU
		{5CD17C96-2CC0-4B7A-9739-C831A23254E3}.Release|Any CPU.Build.0 = Release|Any CPU
	EndGlobalSection
	GlobalSection(SolutionProperties) = preSolution
		HideSolutionNode = FALSE
	EndGlobalSection
	GlobalSection(ExtensibilityGlobals) = postSolution
		SolutionGuid = {76821B13-D254-4B91-AB61-5091EBD1397B}
	EndGlobalSection
EndGlobal
